{
  "name": "forkify",
  "version": "1.0.0",
  "lockfileVersion": 3,
  "requires": true,
  "packages": {
    "": {
      "name": "forkify",
      "version": "1.0.0",
      "license": "ISC",
      "dependencies": {
        "fraction-parser": "^1.0.6"
      }
    },
    "node_modules/fraction-parser": {
      "version": "1.0.6",
      "resolved": "https://registry.npmjs.org/fraction-parser/-/fraction-parser-1.0.6.tgz",
      "integrity": "sha512-5UJ0pM45kjyw5uaxLFlEWtjvSF+t9rwvEhlWjWyWnnNg7ysnJzhUVHiVlZMLA7iyJLe+9Q8pikSjyzgddnJz0Q=="
    }
  }
}
